
Microsoft Visual Studio Solution File, Format Version 12.00
# Visual Studio Version 17
VisualStudioVersion = 17.1.32210.238
MinimumVisualStudioVersion = 10.0.40219.1
Project("{9A19103F-16F7-4668-BE54-9A1E7A4F7556}") = "ProjetoPastelariaDoZe_2022", "ProjetoPastelariaDoZe_2022\ProjetoPastelariaDoZe_2022.csproj", "{30181136-D73B-4481-AB30-3FF8BEF12141}"
EndProject
Project("{FAE04EC0-301F-11D3-BF4B-00C04F79EFBC}") = "ProjetoPastelariaDoZe_2022.DAO", "ProjetoPastelariaDoZe_2022.DAO\ProjetoPastelariaDoZe_2022.DAO.csproj", "{5A579D46-4B3A-40AC-B378-585CC6E24F3D}"
EndProject
Global
	GlobalSection(SolutionConfigurationPlatforms) = preSolution
		Debug|Any CPU = Debug|Any CPU
		Release|Any CPU = Release|Any CPU
	EndGlobalSection
	GlobalSection(ProjectConfigurationPlatforms) = postSolution
		{30181136-D73B-4481-AB30-3FF8BEF12141}.Debug|Any CPU.ActiveCfg = Debug|Any CPU
		{30181136-D73B-4481-AB30-3FF8BEF12141}.Debug|Any CPU.Build.0 = Debug|Any CPU
		{30181136-D73B-4481-AB30-3FF8BEF12141}.Release|Any CPU.ActiveCfg = Release|Any CPU
		{30181136-D73B-4481-AB30-3FF8BEF12141}.Release|Any CPU.Build.0 = Release|Any CPU
		{5A579D46-4B3A-40AC-B378-585CC6E24F3D}.Debug|Any CPU.ActiveCfg = Debug|Any CPU
		{5A579D46-4B3A-40AC-B378-585CC6E24F3D}.Debug|Any CPU.Build.0 = Debug|Any CPU
		{5A579D46-4B3A-40AC-B378-585CC6E24F3D}.Release|Any CPU.ActiveCfg = Release|Any CPU
		{5A579D46-4B3A-40AC-B378-585CC6E24F3D}.Release|Any CPU.Build.0 = Release|Any CPU
	EndGlobalSection
	GlobalSection(SolutionProperties) = preSolution
		HideSolutionNode = FALSE
	EndGlobalSection
	GlobalSection(ExtensibilityGlobals) = postSolution
		SolutionGuid = {6F8A4E4E-7095-4663-B744-23B042B78963}
	EndGlobalSection
EndGlobal
